
Microsoft Visual Studio Solution File, Format Version 12.00
# Visual Studio Version 16
VisualStudioVersion = 16.0.30309.148
MinimumVisualStudioVersion = 10.0.40219.1
Project("{FAE04EC0-301F-11D3-BF4B-00C04F79EFBC}") = "LidarProject", "LidarProject\LidarProject.csproj", "{967A45D8-6F05-43FA-AEBB-B5D32DCB1042}"
EndProject
Global
	GlobalSection(SolutionConfigurationPlatforms) = preSolution
		Debug|Any CPU = Debug|Any CPU
		Release|Any CPU = Release|Any CPU
	EndGlobalSection
	GlobalSection(ProjectConfigurationPlatforms) = postSolution
		{967A45D8-6F05-43FA-AEBB-B5D32DCB1042}.Debug|Any CPU.ActiveCfg = Debug|Any CPU
		{967A45D8-6F05-43FA-AEBB-B5D32DCB1042}.Debug|Any CPU.Build.0 = Debug|Any CPU
		{967A45D8-6F05-43FA-AEBB-B5D32DCB1042}.Release|Any CPU.ActiveCfg = Release|Any CPU
		{967A45D8-6F05-43FA-AEBB-B5D32DCB1042}.Release|Any CPU.Build.0 = Release|Any CPU
	EndGlobalSection
	GlobalSection(SolutionProperties) = preSolution
		HideSolutionNode = FALSE
	EndGlobalSection
	GlobalSection(ExtensibilityGlobals) = postSolution
		SolutionGuid = {26EF291E-1F27-44EA-A120-2001A3E35442}
	EndGlobalSection
EndGlobal
